lockfileVersion: '9.0'
settings:
  autoInstallPeers: true
  excludeLinksFromLockfile: false
importers:
  .:
    dependencies:
      next: {specifier: 16.2.7, version: 16.2.7}
      react: {specifier: 19.2.7, version: 19.2.7}
      react-dom: {specifier: 19.2.7, version: 19.2.7}
    devDependencies:
      '@axe-core/playwright': {specifier: 4.12.1, version: 4.12.1}
      '@playwright/test': {specifier: 1.62.0, version: 1.62.0}
      '@storybook/addon-a11y': {specifier: 10.5.5, version: 10.5.5}
      '@storybook/addon-docs': {specifier: 10.5.5, version: 10.5.5}
      '@storybook/nextjs-vite': {specifier: 10.5.5, version: 10.5.5}
      '@storybook/react': {specifier: 10.5.5, version: 10.5.5}
      '@testing-library/jest-dom': {specifier: 6.6.3, version: 6.6.3}
      '@testing-library/react': {specifier: 16.3.0, version: 16.3.0}
      '@types/node': {specifier: 22.15.30, version: 22.15.30}
      '@types/react': {specifier: 19.1.6, version: 19.1.6}
      '@types/react-dom': {specifier: 19.1.6, version: 19.1.6}
      eslint: {specifier: 9.39.1, version: 9.39.1}
      eslint-config-next: {specifier: 16.2.7, version: 16.2.7}
      jsdom: {specifier: 26.1.0, version: 26.1.0}
      storybook: {specifier: 10.5.5, version: 10.5.5}
      typescript: {specifier: 5.8.3, version: 5.8.3}
      vitest: {specifier: 3.2.4, version: 3.2.4}
